
Microsoft Visual Studio Solution File, Format Version 12.00
# Visual Studio Version 17
VisualStudioVersion = 17.7.34202.233
MinimumVisualStudioVersion = 10.0.40219.1
Project("{888888A0-9F3D-457C-B088-3A5042F75D52}") = "HelloPython", "HelloPython.pyproj", "{76610BD9-AB18-42AD-A7ED-3535314696F3}"
EndProject
Global
	GlobalSection(SolutionConfigurationPlatforms) = preSolution
		Debug|Any CPU = Debug|Any CPU
		Release|Any CPU = Release|Any CPU
	EndGlobalSection
	GlobalSection(ProjectConfigurationPlatforms) = postSolution
		{76610BD9-AB18-42AD-A7ED-3535314696F3}.Debug|Any CPU.ActiveCfg = Debug|Any CPU
		{76610BD9-AB18-42AD-A7ED-3535314696F3}.Debug|Any CPU.Build.0 = Debug|Any CPU
		{76610BD9-AB18-42AD-A7ED-3535314696F3}.Release|Any CPU.ActiveCfg = Release|Any CPU
		{76610BD9-AB18-42AD-A7ED-3535314696F3}.Release|Any CPU.Build.0 = Release|Any CPU
	EndGlobalSection
	GlobalSection(SolutionProperties) = preSolution
		HideSolutionNode = FALSE
	EndGlobalSection
	GlobalSection(ExtensibilityGlobals) = postSolution
		SolutionGuid = {33BC5B3F-DF68-4C9F-950F-F54F5FB9B8B1}
	EndGlobalSection
EndGlobal
